
Microsoft Visual Studio Solution File, Format Version 12.00
# Visual Studio Version 17
VisualStudioVersion = 17.2.32516.85
MinimumVisualStudioVersion = 10.0.40219.1
Project("{9A19103F-16F7-4668-BE54-9A1E7A4F7556}") = "task API1", "task API1\task API1.csproj", "{8BFB0F01-2F37-4DA6-B221-BFDDA35C4DBF}"
EndProject
Project("{FAE04EC0-301F-11D3-BF4B-00C04F79EFBC}") = "TaskAPI.Model", "TaskAPI.Model\TaskAPI.Model.csproj", "{836C17A0-53C8-4581-9AA0-CB1ED50B83C8}"
EndProject
Project("{FAE04EC0-301F-11D3-BF4B-00C04F79EFBC}") = "TaskAPI.Service", "TaskAPI.Service\TaskAPI.Service.csproj", "{A78DD9CB-1C6E-4FB8-BD57-20E21484370B}"
EndProject
Global
	GlobalSection(SolutionConfigurationPlatforms) = preSolution
		Debug|Any CPU = Debug|Any CPU
		Release|Any CPU = Release|Any CPU
	EndGlobalSection
	GlobalSection(ProjectConfigurationPlatforms) = postSolution
		{8BFB0F01-2F37-4DA6-B221-BFDDA35C4DBF}.Debug|Any CPU.ActiveCfg = Debug|Any CPU
		{8BFB0F01-2F37-4DA6-B221-BFDDA35C4DBF}.Debug|Any CPU.Build.0 = Debug|Any CPU
		{8BFB0F01-2F37-4DA6-B221-BFDDA35C4DBF}.Release|Any CPU.ActiveCfg = Release|Any CPU
		{8BFB0F01-2F37-4DA6-B221-BFDDA35C4DBF}.Release|Any CPU.Build.0 = Release|Any CPU
		{836C17A0-53C8-4581-9AA0-CB1ED50B83C8}.Debug|Any CPU.ActiveCfg = Debug|Any CPU
		{836C17A0-53C8-4581-9AA0-CB1ED50B83C8}.Debug|Any CPU.Build.0 = Debug|Any CPU
		{836C17A0-53C8-4581-9AA0-CB1ED50B83C8}.Release|Any CPU.ActiveCfg = Release|Any CPU
		{836C17A0-53C8-4581-9AA0-CB1ED50B83C8}.Release|Any CPU.Build.0 = Release|Any CPU
		{A78DD9CB-1C6E-4FB8-BD57-20E21484370B}.Debug|Any CPU.ActiveCfg = Debug|Any CPU
		{A78DD9CB-1C6E-4FB8-BD57-20E21484370B}.Debug|Any CPU.Build.0 = Debug|Any CPU
		{A78DD9CB-1C6E-4FB8-BD57-20E21484370B}.Release|Any CPU.ActiveCfg = Release|Any CPU
		{A78DD9CB-1C6E-4FB8-BD57-20E21484370B}.Release|Any CPU.Build.0 = Release|Any CPU
	EndGlobalSection
	GlobalSection(SolutionProperties) = preSolution
		HideSolutionNode = FALSE
	EndGlobalSection
	GlobalSection(ExtensibilityGlobals) = postSolution
		SolutionGuid = {E7E5F4D1-8F81-4677-844E-DB17E853754A}
	EndGlobalSection
EndGlobal
